
Microsoft Visual Studio Solution File, Format Version 12.00
# Visual Studio Version 17
VisualStudioVersion = 17.11.35222.181
MinimumVisualStudioVersion = 10.0.40219.1
Project("{9A19103F-16F7-4668-BE54-9A1E7A4F7556}") = "RabitMqProductAPI", "RabitMqProductAPI\RabitMqProductAPI.csproj", "{07A33FDC-E942-4104-9B33-BDC1A7BEDA60}"
EndProject
Project("{FAE04EC0-301F-11D3-BF4B-00C04F79EFBC}") = "RabitMQProduct.ConsoleApplication", "RabitMQProduct.ConsoleApplication\RabitMQProduct.ConsoleApplication.csproj", "{9FBF58B9-613E-4D92-987D-BEA95B41136F}"
EndProject
Global
	GlobalSection(SolutionConfigurationPlatforms) = preSolution
		Debug|Any CPU = Debug|Any CPU
		Release|Any CPU = Release|Any CPU
	EndGlobalSection
	GlobalSection(ProjectConfigurationPlatforms) = postSolution
		{07A33FDC-E942-4104-9B33-BDC1A7BEDA60}.Debug|Any CPU.ActiveCfg = Debug|Any CPU
		{07A33FDC-E942-4104-9B33-BDC1A7BEDA60}.Debug|Any CPU.Build.0 = Debug|Any CPU
		{07A33FDC-E942-4104-9B33-BDC1A7BEDA60}.Release|Any CPU.ActiveCfg = Release|Any CPU
		{07A33FDC-E942-4104-9B33-BDC1A7BEDA60}.Release|Any CPU.Build.0 = Release|Any CPU
		{9FBF58B9-613E-4D92-987D-BEA95B41136F}.Debug|Any CPU.ActiveCfg = Debug|Any CPU
		{9FBF58B9-613E-4D92-987D-BEA95B41136F}.Debug|Any CPU.Build.0 = Debug|Any CPU
		{9FBF58B9-613E-4D92-987D-BEA95B41136F}.Release|Any CPU.ActiveCfg = Release|Any CPU
		{9FBF58B9-613E-4D92-987D-BEA95B41136F}.Release|Any CPU.Build.0 = Release|Any CPU
	EndGlobalSection
	GlobalSection(SolutionProperties) = preSolution
		HideSolutionNode = FALSE
	EndGlobalSection
	GlobalSection(ExtensibilityGlobals) = postSolution
		SolutionGuid = {19BADBC3-5957-4760-BD09-C52CA903037D}
	EndGlobalSection
EndGlobal
